// !$*UTF8*$!
{
	archiveVersion = 1;
	classes = {
	};
	objectVersion = 55;
	objects = {

/* Begin PBXBuildFile section */
		DB30BEF328A50A770074B4D6 /* MenuView.xib in Resources */ = {isa = PBXBuildFile; fileRef = DB30BEF228A50A770074B4D6 /* MenuView.xib */; };
		DB30BEF528A50B110074B4D6 /* MenuView.swift in Sources */ = {isa = PBXBuildFile; fileRef = DB30BEF428A50B110074B4D6 /* MenuView.swift */; };
		DB5381D5289D1DBF00108A9A /* AppDelegate.swift in Sources */ = {isa = PBXBuildFile; fileRef = DB5381D4289D1DBF00108A9A /* AppDelegate.swift */; };
		DB5381D7289D1DBF00108A9A /* SceneDelegate.swift in Sources */ = {isa = PBXBuildFile; fileRef = DB5381D6289D1DBF00108A9A /* SceneDelegate.swift */; };
		DB5381D9289D1DBF00108A9A /* MainFeedViewController.swift in Sources */ = {isa = PBXBuildFile; fileRef = DB5381D8289D1DBF00108A9A /* MainFeedViewController.swift */; };
		DB5381DC289D1DBF00108A9A /* Main.storyboard in Resources */ = {isa = PBXBuildFile; fileRef = DB5381DA289D1DBF00108A9A /* Main.storyboard */; };
		DB5381DE289D1DC000108A9A /* Assets.xcassets in Resources */ = {isa = PBXBuildFile; fileRef = DB5381DD289D1DC000108A9A /* Assets.xcassets */; };
		DB5381E1289D1DC000108A9A /* LaunchScreen.storyboard in Resources */ = {isa = PBXBuildFile; fileRef = DB5381DF289D1DC000108A9A /* LaunchScreen.storyboard */; };
		DB5381EA289D484600108A9A /* CustomTableViewCell.swift in Sources */ = {isa = PBXBuildFile; fileRef = DB5381E8289D484600108A9A /* CustomTableViewCell.swift */; };
		DB5381EB289D484600108A9A /* CustomTableViewCell.xib in Resources */ = {isa = PBXBuildFile; fileRef = DB5381E9289D484600108A9A /* CustomTableViewCell.xib */; };
		DB5381ED289D4AB400108A9A /* Constants.swift in Sources */ = {isa = PBXBuildFile; fileRef = DB5381EC289D4AB400108A9A /* Constants.swift */; };
		DB5381EF289D53EC00108A9A /* Message.swift in Sources */ = {isa = PBXBuildFile; fileRef = DB5381EE289D53EC00108A9A /* Message.swift */; };
		DB5381F1289D54F500108A9A /* Ext+String.swift in Sources */ = {isa = PBXBuildFile; fileRef = DB5381F0289D54F500108A9A /* Ext+String.swift */; };
/* End PBXBuildFile section */

/* Begin PBXFileReference section */
		DB30BEF228A50A770074B4D6 /* MenuView.xib */ = {isa = PBXFileReference; lastKnownFileType = file.xib; path = MenuView.xib; sourceTree = "<group>"; };
		DB30BEF428A50B110074B4D6 /* MenuView.swift */ = {isa = PBXFileReference; lastKnownFileType = sourcecode.swift; path = MenuView.swift; sourceTree = "<group>"; };
		DB5381D1289D1DBF00108A9A /* SideMenu.app */ = {isa = PBXFileReference; explicitFileType = wrapper.application; includeInIndex = 0; path = SideMenu.app; sourceTree = BUILT_PRODUCTS_DIR; };
		DB5381D4289D1DBF00108A9A /* AppDelegate.swift */ = {isa = PBXFileReference; lastKnownFileType = sourcecode.swift; path = AppDelegate.swift; sourceTree = "<group>"; };
		DB5381D6289D1DBF00108A9A /* SceneDelegate.swift */ = {isa = PBXFileReference; lastKnownFileType = sourcecode.swift; path = SceneDelegate.swift; sourceTree = "<group>"; };
		DB5381D8289D1DBF00108A9A /* MainFeedViewController.swift */ = {isa = PBXFileReference; lastKnownFileType = sourcecode.swift; path = MainFeedViewController.swift; sourceTree = "<group>"; };
		DB5381DB289D1DBF00108A9A /* Base */ = {isa = PBXFileReference; lastKnownFileType = file.storyboard; name = Base; path = Base.lproj/Main.storyboard; sourceTree = "<group>"; };
		DB5381DD289D1DC000108A9A /* Assets.xcassets */ = {isa = PBXFileReference; lastKnownFileType = folder.assetcatalog; path = Assets.xcassets; sourceTree = "<group>"; };
		DB5381E0289D1DC000108A9A /* Base */ = {isa = PBXFileReference; lastKnownFileType = file.storyboard; name = Base; path = Base.lproj/LaunchScreen.storyboard; sourceTree = "<group>"; };
		DB5381E2289D1DC000108A9A /* Info.plist */ = {isa = PBXFileReference; lastKnownFileType = text.plist.xml; path = Info.plist; sourceTree = "<group>"; };
		DB5381E8289D484600108A9A /* CustomTableViewCell.swift */ = {isa = PBXFileReference; lastKnownFileType = sourcecode.swift; path = CustomTableViewCell.swift; sourceTree = "<group>"; };
		DB5381E9289D484600108A9A /* CustomTableViewCell.xib */ = {isa = PBXFileReference; lastKnownFileType = file.xib; path = CustomTableViewCell.xib; sourceTree = "<group>"; };
		DB5381EC289D4AB400108A9A /* Constants.swift */ = {isa = PBXFileReference; lastKnownFileType = sourcecode.swift; path = Constants.swift; sourceTree = "<group>"; };
		DB5381EE289D53EC00108A9A /* Message.swift */ = {isa = PBXFileReference; lastKnownFileType = sourcecode.swift; path = Message.swift; sourceTree = "<group>"; };
		DB5381F0289D54F500108A9A /* Ext+String.swift */ = {isa = PBXFileReference; lastKnownFileType = sourcecode.swift; path = "Ext+String.swift"; sourceTree = "<group>"; };
/* End PBXFileReference section */

/* Begin PBXFrameworksBuildPhase section */
		DB5381CE289D1DBF00108A9A /* Frameworks */ = {
			isa = PBXFrameworksBuildPhase;
			buildActionMask = 2147483647;
			files = (
			);
			runOnlyForDeploymentPostprocessing = 0;
		};
/* End PBXFrameworksBuildPhase section */

/* Begin PBXGroup section */
		DB23F5D028A41EDE008598AC /* MenuView */ = {
			isa = PBXGroup;
			children = (
				DB30BEF228A50A770074B4D6 /* MenuView.xib */,
				DB30BEF428A50B110074B4D6 /* MenuView.swift */,
			);
			path = MenuView;
			sourceTree = "<group>";
		};
		DB23F5D128A41EED008598AC /* Model */ = {
			isa = PBXGroup;
			children = (
				DB5381EE289D53EC00108A9A /* Message.swift */,
			);
			path = Model;
			sourceTree = "<group>";
		};
		DB23F5D228A41EF9008598AC /* Utility */ = {
			isa = PBXGroup;
			children = (
				DB5381EC289D4AB400108A9A /* Constants.swift */,
				DB5381F0289D54F500108A9A /* Ext+String.swift */,
			);
			path = Utility;
			sourceTree = "<group>";
		};
		DB23F5D328A41F08008598AC /* MainFeedTableViewCell */ = {
			isa = PBXGroup;
			children = (
				DB5381E8289D484600108A9A /* CustomTableViewCell.swift */,
				DB5381E9289D484600108A9A /* CustomTableViewCell.xib */,
			);
			path = MainFeedTableViewCell;
			sourceTree = "<group>";
		};
		DB23F5D428A41F3F008598AC /* MainFeedVC */ = {
			isa = PBXGroup;
			children = (
				DB5381D8289D1DBF00108A9A /* MainFeedViewController.swift */,
				DB5381DA289D1DBF00108A9A /* Main.storyboard */,
				DB23F5D328A41F08008598AC /* MainFeedTableViewCell */,
			);
			path = MainFeedVC;
			sourceTree = "<group>";
		};
		DB23F5D528A41F50008598AC /* Controllers */ = {
			isa = PBXGroup;
			children = (
				DB23F5D428A41F3F008598AC /* MainFeedVC */,
			);
			path = Controllers;
			sourceTree = "<group>";
		};
		DB23F5D628A41F5F008598AC /* Views */ = {
			isa = PBXGroup;
			children = (
				DB23F5D028A41EDE008598AC /* MenuView */,
			);
			path = Views;
			sourceTree = "<group>";
		};
		DB5381C8289D1DBF00108A9A = {
			isa = PBXGroup;
			children = (
				DB5381D3289D1DBF00108A9A /* SideMenu */,
				DB5381D2289D1DBF00108A9A /* Products */,
			);
			sourceTree = "<group>";
		};
		DB5381D2289D1DBF00108A9A /* Products */ = {
			isa = PBXGroup;
			children = (
				DB5381D1289D1DBF00108A9A /* SideMenu.app */,
			);
			name = Products;
			sourceTree = "<group>";
		};
		DB5381D3289D1DBF00108A9A /* SideMenu */ = {
			isa = PBXGroup;
			children = (
				DB5381D4289D1DBF00108A9A /* AppDelegate.swift */,
				DB5381D6289D1DBF00108A9A /* SceneDelegate.swift */,
				DB23F5D228A41EF9008598AC /* Utility */,
				DB23F5D128A41EED008598AC /* Model */,
				DB23F5D628A41F5F008598AC /* Views */,
				DB23F5D528A41F50008598AC /* Controllers */,
				DB5381DD289D1DC000108A9A /* Assets.xcassets */,
				DB5381DF289D1DC000108A9A /* LaunchScreen.storyboard */,
				DB5381E2289D1DC000108A9A /* Info.plist */,
			);
			path = SideMenu;
			sourceTree = "<group>";
		};
/* End PBXGroup section */

/* Begin PBXNativeTarget section */
		DB5381D0289D1DBF00108A9A /* SideMenu */ = {
			isa = PBXNativeTarget;
			buildConfigurationList = DB5381E5289D1DC000108A9A /* Build configuration list for PBXNativeTarget "SideMenu" */;
			buildPhases = (
				DB5381CD289D1DBF00108A9A /* Sources */,
				DB5381CE289D1DBF00108A9A /* Frameworks */,
				DB5381CF289D1DBF00108A9A /* Resources */,
			);
			buildRules = (
			);
			dependencies = (
			);
			name = SideMenu;
			productName = SideMenu;
			productReference = DB5381D1289D1DBF00108A9A /* SideMenu.app */;
			productType = "com.apple.product-type.application";
		};
/* End PBXNativeTarget section */

/* Begin PBXProject section */
		DB5381C9289D1DBF00108A9A /* Project object */ = {
			isa = PBXProject;
			attributes = {
				BuildIndependentTargetsInParallel = 1;
				LastSwiftUpdateCheck = 1340;
				LastUpgradeCheck = 1340;
				TargetAttributes = {
					DB5381D0289D1DBF00108A9A = {
						CreatedOnToolsVersion = 13.4;
					};
				};
			};
			buildConfigurationList = DB5381CC289D1DBF00108A9A /* Build configuration list for PBXProject "SideMenu" */;
			compatibilityVersion = "Xcode 13.0";
			developmentRegion = en;
			hasScannedForEncodings = 0;
			knownRegions = (
				en,
				Base,
			);
			mainGroup = DB5381C8289D1DBF00108A9A;
			productRefGroup = DB5381D2289D1DBF00108A9A /* Products */;
			projectDirPath = "";
			projectRoot = "";
			targets = (
				DB5381D0289D1DBF00108A9A /* SideMenu */,
			);
		};
/* End PBXProject section */

/* Begin PBXResourcesBuildPhase section */
		DB5381CF289D1DBF00108A9A /* Resources */ = {
			isa = PBXResourcesBuildPhase;
			buildActionMask = 2147483647;
			files = (
				DB5381E1289D1DC000108A9A /* LaunchScreen.storyboard in Resources */,
				DB5381DE289D1DC000108A9A /* Assets.xcassets in Resources */,
				DB30BEF328A50A770074B4D6 /* MenuView.xib in Resources */,
				DB5381EB289D484600108A9A /* CustomTableViewCell.xib in Resources */,
				DB5381DC289D1DBF00108A9A /* Main.storyboard in Resources */,
			);
			runOnlyForDeploymentPostprocessing = 0;
		};
/* End PBXResourcesBuildPhase section */

/* Begin PBXSourcesBuildPhase section */
		DB5381CD289D1DBF00108A9A /* Sources */ = {
			isa = PBXSourcesBuildPhase;
			buildActionMask = 2147483647;
			files = (
				DB5381ED289D4AB400108A9A /* Constants.swift in Sources */,
				DB30BEF528A50B110074B4D6 /* MenuView.swift in Sources */,
				DB5381D9289D1DBF00108A9A /* MainFeedViewController.swift in Sources */,
				DB5381D5289D1DBF00108A9A /* AppDelegate.swift in Sources */,
				DB5381EF289D53EC00108A9A /* Message.swift in Sources */,
				DB5381EA289D484600108A9A /* CustomTableViewCell.swift in Sources */,
				DB5381F1289D54F500108A9A /* Ext+String.swift in Sources */,
				DB5381D7289D1DBF00108A9A /* SceneDelegate.swift in Sources */,
			);
			runOnlyForDeploymentPostprocessing = 0;
		};
/* End PBXSourcesBuildPhase section */

/* Begin PBXVariantGroup section */
		DB5381DA289D1DBF00108A9A /* Main.storyboard */ = {
			isa = PBXVariantGroup;
			children = (
				DB5381DB289D1DBF00108A9A /* Base */,
			);
			name = Main.storyboard;
			sourceTree = "<group>";
		};
		DB5381DF289D1DC000108A9A /* LaunchScreen.storyboard */ = {
			isa = PBXVariantGroup;
			children = (
				DB5381E0289D1DC000108A9A /* Base */,
			);
			name = LaunchScreen.storyboard;
			sourceTree = "<group>";
		};
/* End PBXVariantGroup section */

/* Begin XCBuildConfiguration section */
		DB5381E3289D1DC000108A9A /* Debug */ = {
			isa = XCBuildConfiguration;
			buildSettings = {
				ALWAYS_SEARCH_USER_PATHS = NO;
				CLANG_ANALYZER_NONNULL = YES;
				CLANG_ANALYZER_NUMBER_OBJECT_CONVERSION = YES_AGGRESSIVE;
				CLANG_CXX_LANGUAGE_STANDARD = "gnu++17";
				CLANG_ENABLE_MODULES = YES;
				CLANG_ENABLE_OBJC_ARC = YES;
				CLANG_ENABLE_OBJC_WEAK = YES;
				CLANG_WARN_BLOCK_CAPTURE_AUTORELEASING = YES;
				CLANG_WARN_BOOL_CONVERSION = YES;
				CLANG_WARN_COMMA = YES;
				CLANG_WARN_CONSTANT_CONVERSION = YES;
				CLANG_WARN_DEPRECATED_OBJC_IMPLEMENTATIONS = YES;
				CLANG_WARN_DIRECT_OBJC_ISA_USAGE = YES_ERROR;
				CLANG_WARN_DOCUMENTATION_COMMENTS = YES;
				CLANG_WARN_EMPTY_BODY = YES;
				CLANG_WARN_ENUM_CONVERSION = YES;
				CLANG_WARN_INFINITE_RECURSION = YES;
				CLANG_WARN_INT_CONVERSION = YES;
				CLANG_WARN_NON_LITERAL_NULL_CONVERSION = YES;
				CLANG_WARN_OBJC_IMPLICIT_RETAIN_SELF = YES;
				CLANG_WARN_OBJC_LITERAL_CONVERSION = YES;
				CLANG_WARN_OBJC_ROOT_CLASS = YES_ERROR;
				CLANG_WARN_QUOTED_INCLUDE_IN_FRAMEWORK_HEADER = YES;
				CLANG_WARN_RANGE_LOOP_ANALYSIS = YES;
				CLANG_WARN_STRICT_PROTOTYPES = YES;
				CLANG_WARN_SUSPICIOUS_MOVE = YES;
				CLANG_WARN_UNGUARDED_AVAILABILITY = YES_AGGRESSIVE;
				CLANG_WARN_UNREACHABLE_CODE = YES;
				CLANG_WARN__DUPLICATE_METHOD_MATCH = YES;
				COPY_PHASE_STRIP = NO;
				DEBUG_INFORMATION_FORMAT = dwarf;
				ENABLE_STRICT_OBJC_MSGSEND = YES;
				ENABLE_TESTABILITY = YES;
				GCC_C_LANGUAGE_STANDARD = gnu11;
				GCC_DYNAMIC_NO_PIC = NO;
				GCC_NO_COMMON_BLOCKS = YES;
				GCC_OPTIMIZATION_LEVEL = 0;
				GCC_PREPROCESSOR_DEFINITIONS = (
					"DEBUG=1",
					"$(inherited)",
				);
				GCC_WARN_64_TO_32_BIT_CONVERSION = YES;
				GCC_WARN_ABOUT_RETURN_TYPE = YES_ERROR;
				GCC_WARN_UNDECLARED_SELECTOR = YES;
				GCC_WARN_UNINITIALIZED_AUTOS = YES_AGGRESSIVE;
				GCC_WARN_UNUSED_FUNCTION = YES;
				GCC_WARN_UNUSED_VARIABLE = YES;
				IPHONEOS_DEPLOYMENT_TARGET = 15.5;
				MTL_ENABLE_DEBUG_INFO = INCLUDE_SOURCE;
				MTL_FAST_MATH = YES;
				ONLY_ACTIVE_ARCH = YES;
				SDKROOT = iphoneos;
				SWIFT_ACTIVE_COMPILATION_CONDITIONS = DEBUG;
				SWIFT_OPTIMIZATION_LEVEL = "-Onone";
			};
			name = Debug;
		};
		DB5381E4289D1DC000108A9A /* Release */ = {
			isa = XCBuildConfiguration;
			buildSettings = {
				ALWAYS_SEARCH_USER_PATHS = NO;
				CLANG_ANALYZER_NONNULL = YES;
				CLANG_ANALYZER_NUMBER_OBJECT_CONVERSION = YES_AGGRESSIVE;
				CLANG_CXX_LANGUAGE_STANDARD = "gnu++17";
				CLANG_ENABLE_MODULES = YES;
				CLANG_ENABLE_OBJC_ARC = YES;
				CLANG_ENABLE_OBJC_WEAK = YES;
				CLANG_WARN_BLOCK_CAPTURE_AUTORELEASING = YES;
				CLANG_WARN_BOOL_CONVERSION = YES;
				CLANG_WARN_COMMA = YES;
				CLANG_WARN_CONSTANT_CONVERSION = YES;
				CLANG_WARN_DEPRECATED_OBJC_IMPLEMENTATIONS = YES;
				CLANG_WARN_DIRECT_OBJC_ISA_USAGE = YES_ERROR;
				CLANG_WARN_DOCUMENTATION_COMMENTS = YES;
				CLANG_WARN_EMPTY_BODY = YES;
				CLANG_WARN_ENUM_CONVERSION = YES;
				CLANG_WARN_INFINITE_RECURSION = YES;
				CLANG_WARN_INT_CONVERSION = YES;
				CLANG_WARN_NON_LITERAL_NULL_CONVERSION = YES;
				CLANG_WARN_OBJC_IMPLICIT_RETAIN_SELF = YES;
				CLANG_WARN_OBJC_LITERAL_CONVERSION = YES;
				CLANG_WARN_OBJC_ROOT_CLASS = YES_ERROR;
				CLANG_WARN_QUOTED_INCLUDE_IN_FRAMEWORK_HEADER = YES;
				CLANG_WARN_RANGE_LOOP_ANALYSIS = YES;
				CLANG_WARN_STRICT_PROTOTYPES = YES;
				CLANG_WARN_SUSPICIOUS_MOVE = YES;
				CLANG_WARN_UNGUARDED_AVAILABILITY = YES_AGGRESSIVE;
				CLANG_WARN_UNREACHABLE_CODE = YES;
				CLANG_WARN__DUPLICATE_METHOD_MATCH = YES;
				COPY_PHASE_STRIP = NO;
				DEBUG_INFORMATION_FORMAT = "dwarf-with-dsym";
				ENABLE_NS_ASSERTIONS = NO;
				ENABLE_STRICT_OBJC_MSGSEND = YES;
				GCC_C_LANGUAGE_STANDARD = gnu11;
				GCC_NO_COMMON_BLOCKS = YES;
				GCC_WARN_64_TO_32_BIT_CONVERSION = YES;
				GCC_WARN_ABOUT_RETURN_TYPE = YES_ERROR;
				GCC_WARN_UNDECLARED_SELECTOR = YES;
				GCC_WARN_UNINITIALIZED_AUTOS = YES_AGGRESSIVE;
				GCC_WARN_UNUSED_FUNCTION = YES;
				GCC_WARN_UNUSED_VARIABLE = YES;
				IPHONEOS_DEPLOYMENT_TARGET = 15.5;
				MTL_ENABLE_DEBUG_INFO = NO;
				MTL_FAST_MATH = YES;
				SDKROOT = iphoneos;
				SWIFT_COMPILATION_MODE = wholemodule;
				SWIFT_OPTIMIZATION_LEVEL = "-O";
				VALIDATE_PRODUCT = YES;
			};
			name = Release;
		};
		DB5381E6289D1DC000108A9A /* Debug */ = {
			isa = XCBuildConfiguration;
			buildSettings = {
				ASSETCATALOG_COMPILER_APPICON_NAME = AppIcon;
				ASSETCATALOG_COMPILER_GLOBAL_ACCENT_COLOR_NAME = AccentColor;
				CODE_SIGN_STYLE = Automatic;
				CURRENT_PROJECT_VERSION = 1;
				DEVELOPMENT_TEAM = KHDB3W3N3A;
				GENERATE_INFOPLIST_FILE = YES;
				INFOPLIST_FILE = SideMenu/Info.plist;
				INFOPLIST_KEY_UIApplicationSupportsIndirectInputEvents = YES;
				INFOPLIST_KEY_UILaunchStoryboardName = LaunchScreen;
				INFOPLIST_KEY_UIMainStoryboardFile = Main;
				INFOPLIST_KEY_UISupportedInterfaceOrientations_iPad = "UIInterfaceOrientationPortrait UIInterfaceOrientationPortraitUpsideDown UIInterfaceOrientationLandscapeLeft UIInterfaceOrientationLandscapeRight";
				INFOPLIST_KEY_UISupportedInterfaceOrientations_iPhone = "UIInterfaceOrientationPortrait UIInterfaceOrientationLandscapeLeft UIInterfaceOrientationLandscapeRight";
				LD_RUNPATH_SEARCH_PATHS = (
					"$(inherited)",
					"@executable_path/Frameworks",
				);
				MARKETING_VERSION = 1.0;
				PRODUCT_BUNDLE_IDENTIFIER = com.viktorcoding.SideMenu;
				PRODUCT_NAME = "$(TARGET_NAME)";
				SWIFT_EMIT_LOC_STRINGS = YES;
				SWIFT_VERSION = 5.0;
				TARGETED_DEVICE_FAMILY = "1,2";
			};
			name = Debug;
		};
		DB5381E7289D1DC000108A9A /* Release */ = {
			isa = XCBuildConfiguration;
			buildSettings = {
				ASSETCATALOG_COMPILER_APPICON_NAME = AppIcon;
				ASSETCATALOG_COMPILER_GLOBAL_ACCENT_COLOR_NAME = AccentColor;
				CODE_SIGN_STYLE = Automatic;
				CURRENT_PROJECT_VERSION = 1;
				DEVELOPMENT_TEAM = KHDB3W3N3A;
				GENERATE_INFOPLIST_FILE = YES;
				INFOPLIST_FILE = SideMenu/Info.plist;
				INFOPLIST_KEY_UIApplicationSupportsIndirectInputEvents = YES;
				INFOPLIST_KEY_UILaunchStoryboardName = LaunchScreen;
				INFOPLIST_KEY_UIMainStoryboardFile = Main;
				INFOPLIST_KEY_UISupportedInterfaceOrientations_iPad = "UIInterfaceOrientationPortrait UIInterfaceOrientationPortraitUpsideDown UIInterfaceOrientationLandscapeLeft UIInterfaceOrientationLandscapeRight";
				INFOPLIST_KEY_UISupportedInterfaceOrientations_iPhone = "UIInterfaceOrientationPortrait UIInterfaceOrientationLandscapeLeft UIInterfaceOrientationLandscapeRight";
				LD_RUNPATH_SEARCH_PATHS = (
					"$(inherited)",
					"@executable_path/Frameworks",
				);
				MARKETING_VERSION = 1.0;
				PRODUCT_BUNDLE_IDENTIFIER = com.viktorcoding.SideMenu;
				PRODUCT_NAME = "$(TARGET_NAME)";
				SWIFT_EMIT_LOC_STRINGS = YES;
				SWIFT_VERSION = 5.0;
				TARGETED_DEVICE_FAMILY = "1,2";
			};
			name = Release;
		};
/* End XCBuildConfiguration section */

/* Begin XCConfigurationList section */
		DB5381CC289D1DBF00108A9A /* Build configuration list for PBXProject "SideMenu" */ = {
			isa = XCConfigurationList;
			buildConfigurations = (
				DB5381E3289D1DC000108A9A /* Debug */,
				DB5381E4289D1DC000108A9A /* Release */,
			);
			defaultConfigurationIsVisible = 0;
			defaultConfigurationName = Release;
		};
		DB5381E5289D1DC000108A9A /* Build configuration list for PBXNativeTarget "SideMenu" */ = {
			isa = XCConfigurationList;
			buildConfigurations = (
				DB5381E6289D1DC000108A9A /* Debug */,
				DB5381E7289D1DC000108A9A /* Release */,
			);
			defaultConfigurationIsVisible = 0;
			defaultConfigurationName = Release;
		};
/* End XCConfigurationList section */
	};
	rootObject = DB5381C9289D1DBF00108A9A /* Project object */;
}
